
Microsoft Visual Studio Solution File, Format Version 12.00
# Visual Studio 15
VisualStudioVersion = 15.0.28306.52
MinimumVisualStudioVersion = 10.0.40219.1
Project("{8BC9CEB8-8B4A-11D0-8D11-00A0C91BC942}") = "GitTestVC", "GitTestVC\GitTestVC.vcxproj", "{8A3C39DC-7C03-422F-99BC-0C4E59B8D975}"
EndProject
Global
	GlobalSection(SolutionConfigurationPlatforms) = preSolution
		Debug|x64 = Debug|x64
		Debug|x86 = Debug|x86
		Release|x64 = Release|x64
		Release|x86 = Release|x86
	EndGlobalSection
	GlobalSection(ProjectConfigurationPlatforms) = postSolution
		{8A3C39DC-7C03-422F-99BC-0C4E59B8D975}.Debug|x64.ActiveCfg = Debug|x64
		{8A3C39DC-7C03-422F-99BC-0C4E59B8D975}.Debug|x64.Build.0 = Debug|x64
		{8A3C39DC-7C03-422F-99BC-0C4E59B8D975}.Debug|x86.ActiveCfg = Debug|Win32
		{8A3C39DC-7C03-422F-99BC-0C4E59B8D975}.Debug|x86.Build.0 = Debug|Win32
		{8A3C39DC-7C03-422F-99BC-0C4E59B8D975}.Release|x64.ActiveCfg = Release|x64
		{8A3C39DC-7C03-422F-99BC-0C4E59B8D975}.Release|x64.Build.0 = Release|x64
		{8A3C39DC-7C03-422F-99BC-0C4E59B8D975}.Release|x86.ActiveCfg = Release|Win32
		{8A3C39DC-7C03-422F-99BC-0C4E59B8D975}.Release|x86.Build.0 = Release|Win32
	EndGlobalSection
	GlobalSection(SolutionProperties) = preSolution
		HideSolutionNode = FALSE
	EndGlobalSection
	GlobalSection(ExtensibilityGlobals) = postSolution
		SolutionGuid = {CA9F5EFD-F115-429D-B495-8AC622220FBA}
	EndGlobalSection
EndGlobal
